// !$*UTF8*$!
{
	archiveVersion = 1;
	classes = {
	};
	objectVersion = 46;
	objects = {

/* Begin PBXBuildFile section */
		5C290B9C1EE11D3F00709A6A /* main.m in Sources */ = {isa = PBXBuildFile; fileRef = 5C290B9B1EE11D3F00709A6A /* main.m */; };
		5C290B9F1EE11D3F00709A6A /* AppDelegate.m in Sources */ = {isa = PBXBuildFile; fileRef = 5C290B9E1EE11D3F00709A6A /* AppDelegate.m */; };
		5C290BA21EE11D3F00709A6A /* ViewController.m in Sources */ = {isa = PBXBuildFile; fileRef = 5C290BA11EE11D3F00709A6A /* ViewController.m */; };
		5C290BA51EE11D3F00709A6A /* Main.storyboard in Resources */ = {isa = PBXBuildFile; fileRef = 5C290BA31EE11D3F00709A6A /* Main.storyboard */; };
		5C290BA71EE11D3F00709A6A /* Assets.xcassets in Resources */ = {isa = PBXBuildFile; fileRef = 5C290BA61EE11D3F00709A6A /* Assets.xcassets */; };
		5CA6B6A01EE6721400398760 /* face.png in Resources */ = {isa = PBXBuildFile; fileRef = 5CA6B69F1EE6721400398760 /* face.png */; };
		5CA6B6B41EE6750000398760 /* face_red.png in Resources */ = {isa = PBXBuildFile; fileRef = 5CA6B6AA1EE6750000398760 /* face_red.png */; };
		5CA6B6B51EE6750000398760 /* face.png in Resources */ = {isa = PBXBuildFile; fileRef = 5CA6B6AB1EE6750000398760 /* face.png */; };
		5CA6B6B61EE6750000398760 /* fair_red.png in Resources */ = {isa = PBXBuildFile; fileRef = 5CA6B6AC1EE6750000398760 /* fair_red.png */; };
		5CA6B6B71EE6750000398760 /* fair.png in Resources */ = {isa = PBXBuildFile; fileRef = 5CA6B6AD1EE6750000398760 /* fair.png */; };
		5CA6B6B81EE6750000398760 /* ic_launcher_round.png in Resources */ = {isa = PBXBuildFile; fileRef = 5CA6B6AE1EE6750000398760 /* ic_launcher_round.png */; };
		5CA6B6B91EE6750000398760 /* ic_launcher.png in Resources */ = {isa = PBXBuildFile; fileRef = 5CA6B6AF1EE6750000398760 /* ic_launcher.png */; };
		5CA6B6BA1EE6750000398760 /* picture.png in Resources */ = {isa = PBXBuildFile; fileRef = 5CA6B6B01EE6750000398760 /* picture.png */; };
		5CA6B6BB1EE6750000398760 /* revert.png in Resources */ = {isa = PBXBuildFile; fileRef = 5CA6B6B11EE6750000398760 /* revert.png */; };
		5CA6B6BC1EE6750000398760 /* video_red.png in Resources */ = {isa = PBXBuildFile; fileRef = 5CA6B6B21EE6750000398760 /* video_red.png */; };
		5CA6B6BD1EE6750000398760 /* video_blue.png in Resources */ = {isa = PBXBuildFile; fileRef = 5CA6B6B31EE6750000398760 /* video_blue.png */; };
		5CA6B6C01EE67C1B00398760 /* VsController.m in Sources */ = {isa = PBXBuildFile; fileRef = 5CA6B6BF1EE67C1B00398760 /* VsController.m */; };
		5CA6B6C91EE6A14900398760 /* main.m in Sources */ = {isa = PBXBuildFile; fileRef = 5CA6B6C81EE6A14900398760 /* main.m */; };
		5CA6B6CC1EE6A14900398760 /* AppDelegate.m in Sources */ = {isa = PBXBuildFile; fileRef = 5CA6B6CB1EE6A14900398760 /* AppDelegate.m */; };
		5CA6B6CF1EE6A14900398760 /* ViewController.m in Sources */ = {isa = PBXBuildFile; fileRef = 5CA6B6CE1EE6A14900398760 /* ViewController.m */; };
		5CA6B6D21EE6A14900398760 /* Main.storyboard in Resources */ = {isa = PBXBuildFile; fileRef = 5CA6B6D01EE6A14900398760 /* Main.storyboard */; };
		5CA6B6D41EE6A14900398760 /* Assets.xcassets in Resources */ = {isa = PBXBuildFile; fileRef = 5CA6B6D31EE6A14900398760 /* Assets.xcassets */; };
		5CA6B6D71EE6A14900398760 /* LaunchScreen.storyboard in Resources */ = {isa = PBXBuildFile; fileRef = 5CA6B6D51EE6A14900398760 /* LaunchScreen.storyboard */; };
		5CA6B6DE1EE6A1A800398760 /* AVFoundation.framework in Frameworks */ = {isa = PBXBuildFile; fileRef = 5CA6B6DD1EE6A1A800398760 /* AVFoundation.framework */; };
		5CA6B6E11EE6BC0A00398760 /* Gamera.mm in Sources */ = {isa = PBXBuildFile; fileRef = 5CA6B6E01EE6BC0A00398760 /* Gamera.mm */; };
/* End PBXBuildFile section */

/* Begin PBXFileReference section */
		5C290B971EE11D3F00709A6A /* VsFaceDemo.app */ = {isa = PBXFileReference; explicitFileType = wrapper.application; includeInIndex = 0; path = VsFaceDemo.app; sourceTree = BUILT_PRODUCTS_DIR; };
		5C290B9B1EE11D3F00709A6A /* main.m */ = {isa = PBXFileReference; lastKnownFileType = sourcecode.c.objc; path = main.m; sourceTree = "<group>"; };
		5C290B9D1EE11D3F00709A6A /* AppDelegate.h */ = {isa = PBXFileReference; lastKnownFileType = sourcecode.c.h; path = AppDelegate.h; sourceTree = "<group>"; };
		5C290B9E1EE11D3F00709A6A /* AppDelegate.m */ = {isa = PBXFileReference; lastKnownFileType = sourcecode.c.objc; path = AppDelegate.m; sourceTree = "<group>"; };
		5C290BA01EE11D3F00709A6A /* ViewController.h */ = {isa = PBXFileReference; lastKnownFileType = sourcecode.c.h; path = ViewController.h; sourceTree = "<group>"; };
		5C290BA11EE11D3F00709A6A /* ViewController.m */ = {isa = PBXFileReference; lastKnownFileType = sourcecode.c.objc; path = ViewController.m; sourceTree = "<group>"; };
		5C290BA41EE11D3F00709A6A /* Base */ = {isa = PBXFileReference; lastKnownFileType = file.storyboard; name = Base; path = Base.lproj/Main.storyboard; sourceTree = "<group>"; };
		5C290BA61EE11D3F00709A6A /* Assets.xcassets */ = {isa = PBXFileReference; lastKnownFileType = folder.assetcatalog; path = Assets.xcassets; sourceTree = "<group>"; };
		5C290BAB1EE11D3F00709A6A /* Info.plist */ = {isa = PBXFileReference; lastKnownFileType = text.plist.xml; path = Info.plist; sourceTree = "<group>"; };
		5CA6B69F1EE6721400398760 /* face.png */ = {isa = PBXFileReference; lastKnownFileType = image.png; name = face.png; path = ../../../../Downloads/UI/face.png; sourceTree = "<group>"; };
		5CA6B6AA1EE6750000398760 /* face_red.png */ = {isa = PBXFileReference; lastKnownFileType = image.png; name = face_red.png; path = Assets.xcassets/face_red.png; sourceTree = "<group>"; };
		5CA6B6AB1EE6750000398760 /* face.png */ = {isa = PBXFileReference; lastKnownFileType = image.png; name = face.png; path = Assets.xcassets/face.png; sourceTree = "<group>"; };
		5CA6B6AC1EE6750000398760 /* fair_red.png */ = {isa = PBXFileReference; lastKnownFileType = image.png; name = fair_red.png; path = Assets.xcassets/fair_red.png; sourceTree = "<group>"; };
		5CA6B6AD1EE6750000398760 /* fair.png */ = {isa = PBXFileReference; lastKnownFileType = image.png; name = fair.png; path = Assets.xcassets/fair.png; sourceTree = "<group>"; };
		5CA6B6AE1EE6750000398760 /* ic_launcher_round.png */ = {isa = PBXFileReference; lastKnownFileType = image.png; name = ic_launcher_round.png; path = Assets.xcassets/ic_launcher_round.png; sourceTree = "<group>"; };
		5CA6B6AF1EE6750000398760 /* ic_launcher.png */ = {isa = PBXFileReference; lastKnownFileType = image.png; name = ic_launcher.png; path = Assets.xcassets/ic_launcher.png; sourceTree = "<group>"; };
		5CA6B6B01EE6750000398760 /* picture.png */ = {isa = PBXFileReference; lastKnownFileType = image.png; name = picture.png; path = Assets.xcassets/picture.png; sourceTree = "<group>"; };
		5CA6B6B11EE6750000398760 /* revert.png */ = {isa = PBXFileReference; lastKnownFileType = image.png; name = revert.png; path = Assets.xcassets/revert.png; sourceTree = "<group>"; };
		5CA6B6B21EE6750000398760 /* video_red.png */ = {isa = PBXFileReference; lastKnownFileType = image.png; name = video_red.png; path = Assets.xcassets/video_red.png; sourceTree = "<group>"; };
		5CA6B6B31EE6750000398760 /* video_blue.png */ = {isa = PBXFileReference; lastKnownFileType = image.png; name = video_blue.png; path = Assets.xcassets/video_blue.png; sourceTree = "<group>"; };
		5CA6B6BE1EE67C1B00398760 /* VsController.h */ = {isa = PBXFileReference; fileEncoding = 4; lastKnownFileType = sourcecode.c.h; path = VsController.h; sourceTree = "<group>"; };
		5CA6B6BF1EE67C1B00398760 /* VsController.m */ = {isa = PBXFileReference; fileEncoding = 4; lastKnownFileType = sourcecode.c.objc; path = VsController.m; sourceTree = "<group>"; };
		5CA6B6C51EE6A14900398760 /* VsCameraDemo.app */ = {isa = PBXFileReference; explicitFileType = wrapper.application; includeInIndex = 0; path = VsCameraDemo.app; sourceTree = BUILT_PRODUCTS_DIR; };
		5CA6B6C81EE6A14900398760 /* main.m */ = {isa = PBXFileReference; lastKnownFileType = sourcecode.c.objc; path = main.m; sourceTree = "<group>"; };
		5CA6B6CA1EE6A14900398760 /* AppDelegate.h */ = {isa = PBXFileReference; lastKnownFileType = sourcecode.c.h; path = AppDelegate.h; sourceTree = "<group>"; };
		5CA6B6CB1EE6A14900398760 /* AppDelegate.m */ = {isa = PBXFileReference; lastKnownFileType = sourcecode.c.objc; path = AppDelegate.m; sourceTree = "<group>"; };
		5CA6B6CD1EE6A14900398760 /* ViewController.h */ = {isa = PBXFileReference; lastKnownFileType = sourcecode.c.h; path = ViewController.h; sourceTree = "<group>"; };
		5CA6B6CE1EE6A14900398760 /* ViewController.m */ = {isa = PBXFileReference; lastKnownFileType = sourcecode.c.objc; path = ViewController.m; sourceTree = "<group>"; };
		5CA6B6D11EE6A14900398760 /* Base */ = {isa = PBXFileReference; lastKnownFileType = file.storyboard; name = Base; path = Base.lproj/Main.storyboard; sourceTree = "<group>"; };
		5CA6B6D31EE6A14900398760 /* Assets.xcassets */ = {isa = PBXFileReference; lastKnownFileType = folder.assetcatalog; path = Assets.xcassets; sourceTree = "<group>"; };
		5CA6B6D61EE6A14900398760 /* Base */ = {isa = PBXFileReference; lastKnownFileType = file.storyboard; name = Base; path = Base.lproj/LaunchScreen.storyboard; sourceTree = "<group>"; };
		5CA6B6D81EE6A14900398760 /* Info.plist */ = {isa = PBXFileReference; lastKnownFileType = text.plist.xml; path = Info.plist; sourceTree = "<group>"; };
		5CA6B6DD1EE6A1A800398760 /* AVFoundation.framework */ = {isa = PBXFileReference; lastKnownFileType = wrapper.framework; name = AVFoundation.framework; path = System/Library/Frameworks/AVFoundation.framework; sourceTree = SDKROOT; };
		5CA6B6DF1EE6BC0A00398760 /* Gamera.h */ = {isa = PBXFileReference; fileEncoding = 4; lastKnownFileType = sourcecode.c.h; name = Gamera.h; path = ../../../../Downloads/zerojar/ios/Gamera.h; sourceTree = "<group>"; };
		5CA6B6E01EE6BC0A00398760 /* Gamera.mm */ = {isa = PBXFileReference; fileEncoding = 4; lastKnownFileType = sourcecode.cpp.objcpp; name = Gamera.mm; path = ../../../../Downloads/zerojar/ios/Gamera.mm; sourceTree = "<group>"; };
/* End PBXFileReference section */

/* Begin PBXFrameworksBuildPhase section */
		5C290B941EE11D3F00709A6A /* Frameworks */ = {
			isa = PBXFrameworksBuildPhase;
			buildActionMask = 2147483647;
			files = (
			);
			runOnlyForDeploymentPostprocessing = 0;
		};
		5CA6B6C21EE6A14900398760 /* Frameworks */ = {
			isa = PBXFrameworksBuildPhase;
			buildActionMask = 2147483647;
			files = (
				5CA6B6DE1EE6A1A800398760 /* AVFoundation.framework in Frameworks */,
			);
			runOnlyForDeploymentPostprocessing = 0;
		};
/* End PBXFrameworksBuildPhase section */

/* Begin PBXGroup section */
		5C290B8E1EE11D3F00709A6A = {
			isa = PBXGroup;
			children = (
				5C290B991EE11D3F00709A6A /* VsFaceDemo */,
				5CA6B6C61EE6A14900398760 /* VsCameraDemo */,
				5C290B981EE11D3F00709A6A /* Products */,
				5CA6B6DC1EE6A1A800398760 /* Frameworks */,
			);
			sourceTree = "<group>";
		};
		5C290B981EE11D3F00709A6A /* Products */ = {
			isa = PBXGroup;
			children = (
				5C290B971EE11D3F00709A6A /* VsFaceDemo.app */,
				5CA6B6C51EE6A14900398760 /* VsCameraDemo.app */,
			);
			name = Products;
			sourceTree = "<group>";
		};
		5C290B991EE11D3F00709A6A /* VsFaceDemo */ = {
			isa = PBXGroup;
			children = (
				5CA6B6DF1EE6BC0A00398760 /* Gamera.h */,
				5CA6B6E01EE6BC0A00398760 /* Gamera.mm */,
				5CA6B6AA1EE6750000398760 /* face_red.png */,
				5CA6B6AB1EE6750000398760 /* face.png */,
				5CA6B6AC1EE6750000398760 /* fair_red.png */,
				5CA6B6AD1EE6750000398760 /* fair.png */,
				5CA6B6AE1EE6750000398760 /* ic_launcher_round.png */,
				5CA6B6AF1EE6750000398760 /* ic_launcher.png */,
				5CA6B6B01EE6750000398760 /* picture.png */,
				5CA6B6B11EE6750000398760 /* revert.png */,
				5CA6B6B21EE6750000398760 /* video_red.png */,
				5CA6B6B31EE6750000398760 /* video_blue.png */,
				5CA6B69F1EE6721400398760 /* face.png */,
				5C290B9D1EE11D3F00709A6A /* AppDelegate.h */,
				5C290B9E1EE11D3F00709A6A /* AppDelegate.m */,
				5C290BA01EE11D3F00709A6A /* ViewController.h */,
				5C290BA11EE11D3F00709A6A /* ViewController.m */,
				5C290BA31EE11D3F00709A6A /* Main.storyboard */,
				5C290BA61EE11D3F00709A6A /* Assets.xcassets */,
				5C290BAB1EE11D3F00709A6A /* Info.plist */,
				5C290B9A1EE11D3F00709A6A /* Supporting Files */,
				5CA6B6BE1EE67C1B00398760 /* VsController.h */,
				5CA6B6BF1EE67C1B00398760 /* VsController.m */,
			);
			path = VsFaceDemo;
			sourceTree = "<group>";
		};
		5C290B9A1EE11D3F00709A6A /* Supporting Files */ = {
			isa = PBXGroup;
			children = (
				5C290B9B1EE11D3F00709A6A /* main.m */,
			);
			name = "Supporting Files";
			sourceTree = "<group>";
		};
		5CA6B6C61EE6A14900398760 /* VsCameraDemo */ = {
			isa = PBXGroup;
			children = (
				5CA6B6CA1EE6A14900398760 /* AppDelegate.h */,
				5CA6B6CB1EE6A14900398760 /* AppDelegate.m */,
				5CA6B6CD1EE6A14900398760 /* ViewController.h */,
				5CA6B6CE1EE6A14900398760 /* ViewController.m */,
				5CA6B6D01EE6A14900398760 /* Main.storyboard */,
				5CA6B6D31EE6A14900398760 /* Assets.xcassets */,
				5CA6B6D51EE6A14900398760 /* LaunchScreen.storyboard */,
				5CA6B6D81EE6A14900398760 /* Info.plist */,
				5CA6B6C71EE6A14900398760 /* Supporting Files */,
			);
			path = VsCameraDemo;
			sourceTree = "<group>";
		};
		5CA6B6C71EE6A14900398760 /* Supporting Files */ = {
			isa = PBXGroup;
			children = (
				5CA6B6C81EE6A14900398760 /* main.m */,
			);
			name = "Supporting Files";
			sourceTree = "<group>";
		};
		5CA6B6DC1EE6A1A800398760 /* Frameworks */ = {
			isa = PBXGroup;
			children = (
				5CA6B6DD1EE6A1A800398760 /* AVFoundation.framework */,
			);
			name = Frameworks;
			sourceTree = "<group>";
		};
/* End PBXGroup section */

/* Begin PBXNativeTarget section */
		5C290B961EE11D3F00709A6A /* VsFaceDemo */ = {
			isa = PBXNativeTarget;
			buildConfigurationList = 5C290BAE1EE11D3F00709A6A /* Build configuration list for PBXNativeTarget "VsFaceDemo" */;
			buildPhases = (
				5C290B931EE11D3F00709A6A /* Sources */,
				5C290B941EE11D3F00709A6A /* Frameworks */,
				5C290B951EE11D3F00709A6A /* Resources */,
			);
			buildRules = (
			);
			dependencies = (
			);
			name = VsFaceDemo;
			productName = VsFaceDemo;
			productReference = 5C290B971EE11D3F00709A6A /* VsFaceDemo.app */;
			productType = "com.apple.product-type.application";
		};
		5CA6B6C41EE6A14900398760 /* VsCameraDemo */ = {
			isa = PBXNativeTarget;
			buildConfigurationList = 5CA6B6DB1EE6A14900398760 /* Build configuration list for PBXNativeTarget "VsCameraDemo" */;
			buildPhases = (
				5CA6B6C11EE6A14900398760 /* Sources */,
				5CA6B6C21EE6A14900398760 /* Frameworks */,
				5CA6B6C31EE6A14900398760 /* Resources */,
			);
			buildRules = (
			);
			dependencies = (
			);
			name = VsCameraDemo;
			productName = VsCameraDemo;
			productReference = 5CA6B6C51EE6A14900398760 /* VsCameraDemo.app */;
			productType = "com.apple.product-type.application";
		};
/* End PBXNativeTarget section */

/* Begin PBXProject section */
		5C290B8F1EE11D3F00709A6A /* Project object */ = {
			isa = PBXProject;
			attributes = {
				LastUpgradeCheck = 0820;
				ORGANIZATIONNAME = "王志远";
				TargetAttributes = {
					5C290B961EE11D3F00709A6A = {
						CreatedOnToolsVersion = 8.2.1;
						DevelopmentTeam = 7C42L52533;
						ProvisioningStyle = Automatic;
					};
					5CA6B6C41EE6A14900398760 = {
						CreatedOnToolsVersion = 8.2.1;
						DevelopmentTeam = 7C42L52533;
						ProvisioningStyle = Automatic;
					};
				};
			};
			buildConfigurationList = 5C290B921EE11D3F00709A6A /* Build configuration list for PBXProject "VsFaceDemo" */;
			compatibilityVersion = "Xcode 3.2";
			developmentRegion = English;
			hasScannedForEncodings = 0;
			knownRegions = (
				en,
				Base,
			);
			mainGroup = 5C290B8E1EE11D3F00709A6A;
			productRefGroup = 5C290B981EE11D3F00709A6A /* Products */;
			projectDirPath = "";
			projectRoot = "";
			targets = (
				5C290B961EE11D3F00709A6A /* VsFaceDemo */,
				5CA6B6C41EE6A14900398760 /* VsCameraDemo */,
			);
		};
/* End PBXProject section */

/* Begin PBXResourcesBuildPhase section */
		5C290B951EE11D3F00709A6A /* Resources */ = {
			isa = PBXResourcesBuildPhase;
			buildActionMask = 2147483647;
			files = (
				5CA6B6B81EE6750000398760 /* ic_launcher_round.png in Resources */,
				5CA6B6BA1EE6750000398760 /* picture.png in Resources */,
				5C290BA71EE11D3F00709A6A /* Assets.xcassets in Resources */,
				5CA6B6B71EE6750000398760 /* fair.png in Resources */,
				5CA6B6B41EE6750000398760 /* face_red.png in Resources */,
				5CA6B6B61EE6750000398760 /* fair_red.png in Resources */,
				5CA6B6B91EE6750000398760 /* ic_launcher.png in Resources */,
				5C290BA51EE11D3F00709A6A /* Main.storyboard in Resources */,
				5CA6B6A01EE6721400398760 /* face.png in Resources */,
				5CA6B6B51EE6750000398760 /* face.png in Resources */,
				5CA6B6BB1EE6750000398760 /* revert.png in Resources */,
				5CA6B6BD1EE6750000398760 /* video_blue.png in Resources */,
				5CA6B6BC1EE6750000398760 /* video_red.png in Resources */,
			);
			runOnlyForDeploymentPostprocessing = 0;
		};
		5CA6B6C31EE6A14900398760 /* Resources */ = {
			isa = PBXResourcesBuildPhase;
			buildActionMask = 2147483647;
			files = (
				5CA6B6D71EE6A14900398760 /* LaunchScreen.storyboard in Resources */,
				5CA6B6D41EE6A14900398760 /* Assets.xcassets in Resources */,
				5CA6B6D21EE6A14900398760 /* Main.storyboard in Resources */,
			);
			runOnlyForDeploymentPostprocessing = 0;
		};
/* End PBXResourcesBuildPhase section */

/* Begin PBXSourcesBuildPhase section */
		5C290B931EE11D3F00709A6A /* Sources */ = {
			isa = PBXSourcesBuildPhase;
			buildActionMask = 2147483647;
			files = (
				5C290BA21EE11D3F00709A6A /* ViewController.m in Sources */,
				5CA6B6E11EE6BC0A00398760 /* Gamera.mm in Sources */,
				5C290B9F1EE11D3F00709A6A /* AppDelegate.m in Sources */,
				5CA6B6C01EE67C1B00398760 /* VsController.m in Sources */,
				5C290B9C1EE11D3F00709A6A /* main.m in Sources */,
			);
			runOnlyForDeploymentPostprocessing = 0;
		};
		5CA6B6C11EE6A14900398760 /* Sources */ = {
			isa = PBXSourcesBuildPhase;
			buildActionMask = 2147483647;
			files = (
				5CA6B6CF1EE6A14900398760 /* ViewController.m in Sources */,
				5CA6B6CC1EE6A14900398760 /* AppDelegate.m in Sources */,
				5CA6B6C91EE6A14900398760 /* main.m in Sources */,
			);
			runOnlyForDeploymentPostprocessing = 0;
		};
/* End PBXSourcesBuildPhase section */

/* Begin PBXVariantGroup section */
		5C290BA31EE11D3F00709A6A /* Main.storyboard */ = {
			isa = PBXVariantGroup;
			children = (
				5C290BA41EE11D3F00709A6A /* Base */,
			);
			name = Main.storyboard;
			sourceTree = "<group>";
		};
		5CA6B6D01EE6A14900398760 /* Main.storyboard */ = {
			isa = PBXVariantGroup;
			children = (
				5CA6B6D11EE6A14900398760 /* Base */,
			);
			name = Main.storyboard;
			sourceTree = "<group>";
		};
		5CA6B6D51EE6A14900398760 /* LaunchScreen.storyboard */ = {
			isa = PBXVariantGroup;
			children = (
				5CA6B6D61EE6A14900398760 /* Base */,
			);
			name = LaunchScreen.storyboard;
			sourceTree = "<group>";
		};
/* End PBXVariantGroup section */

/* Begin XCBuildConfiguration section */
		5C290BAC1EE11D3F00709A6A /* Debug */ = {
			isa = XCBuildConfiguration;
			buildSettings = {
				ALWAYS_SEARCH_USER_PATHS = NO;
				CLANG_ANALYZER_NONNULL = YES;
				CLANG_CXX_LANGUAGE_STANDARD = "gnu++0x";
				CLANG_CXX_LIBRARY = "libc++";
				CLANG_ENABLE_MODULES = YES;
				CLANG_ENABLE_OBJC_ARC = YES;
				CLANG_WARN_BOOL_CONVERSION = YES;
				CLANG_WARN_CONSTANT_CONVERSION = YES;
				CLANG_WARN_DIRECT_OBJC_ISA_USAGE = YES_ERROR;
				CLANG_WARN_DOCUMENTATION_COMMENTS = YES;
				CLANG_WARN_EMPTY_BODY = YES;
				CLANG_WARN_ENUM_CONVERSION = YES;
				CLANG_WARN_INFINITE_RECURSION = YES;
				CLANG_WARN_INT_CONVERSION = YES;
				CLANG_WARN_OBJC_ROOT_CLASS = YES_ERROR;
				CLANG_WARN_SUSPICIOUS_MOVE = YES;
				CLANG_WARN_UNREACHABLE_CODE = YES;
				CLANG_WARN__DUPLICATE_METHOD_MATCH = YES;
				"CODE_SIGN_IDENTITY[sdk=iphoneos*]" = "iPhone Developer";
				COPY_PHASE_STRIP = NO;
				DEBUG_INFORMATION_FORMAT = dwarf;
				ENABLE_STRICT_OBJC_MSGSEND = YES;
				ENABLE_TESTABILITY = YES;
				GCC_C_LANGUAGE_STANDARD = gnu99;
				GCC_DYNAMIC_NO_PIC = NO;
				GCC_NO_COMMON_BLOCKS = YES;
				GCC_OPTIMIZATION_LEVEL = 0;
				GCC_PREPROCESSOR_DEFINITIONS = (
					"DEBUG=1",
					"$(inherited)",
				);
				GCC_WARN_64_TO_32_BIT_CONVERSION = YES;
				GCC_WARN_ABOUT_RETURN_TYPE = YES_ERROR;
				GCC_WARN_UNDECLARED_SELECTOR = YES;
				GCC_WARN_UNINITIALIZED_AUTOS = YES_AGGRESSIVE;
				GCC_WARN_UNUSED_FUNCTION = YES;
				GCC_WARN_UNUSED_VARIABLE = YES;
				IPHONEOS_DEPLOYMENT_TARGET = 10.2;
				MTL_ENABLE_DEBUG_INFO = YES;
				ONLY_ACTIVE_ARCH = YES;
				SDKROOT = iphoneos;
			};
			name = Debug;
		};
		5C290BAD1EE11D3F00709A6A /* Release */ = {
			isa = XCBuildConfiguration;
			buildSettings = {
				ALWAYS_SEARCH_USER_PATHS = NO;
				CLANG_ANALYZER_NONNULL = YES;
				CLANG_CXX_LANGUAGE_STANDARD = "gnu++0x";
				CLANG_CXX_LIBRARY = "libc++";
				CLANG_ENABLE_MODULES = YES;
				CLANG_ENABLE_OBJC_ARC = YES;
				CLANG_WARN_BOOL_CONVERSION = YES;
				CLANG_WARN_CONSTANT_CONVERSION = YES;
				CLANG_WARN_DIRECT_OBJC_ISA_USAGE = YES_ERROR;
				CLANG_WARN_DOCUMENTATION_COMMENTS = YES;
				CLANG_WARN_EMPTY_BODY = YES;
				CLANG_WARN_ENUM_CONVERSION = YES;
				CLANG_WARN_INFINITE_RECURSION = YES;
				CLANG_WARN_INT_CONVERSION = YES;
				CLANG_WARN_OBJC_ROOT_CLASS = YES_ERROR;
				CLANG_WARN_SUSPICIOUS_MOVE = YES;
				CLANG_WARN_UNREACHABLE_CODE = YES;
				CLANG_WARN__DUPLICATE_METHOD_MATCH = YES;
				"CODE_SIGN_IDENTITY[sdk=iphoneos*]" = "iPhone Developer";
				COPY_PHASE_STRIP = NO;
				DEBUG_INFORMATION_FORMAT = "dwarf-with-dsym";
				ENABLE_NS_ASSERTIONS = NO;
				ENABLE_STRICT_OBJC_MSGSEND = YES;
				GCC_C_LANGUAGE_STANDARD = gnu99;
				GCC_NO_COMMON_BLOCKS = YES;
				GCC_WARN_64_TO_32_BIT_CONVERSION = YES;
				GCC_WARN_ABOUT_RETURN_TYPE = YES_ERROR;
				GCC_WARN_UNDECLARED_SELECTOR = YES;
				GCC_WARN_UNINITIALIZED_AUTOS = YES_AGGRESSIVE;
				GCC_WARN_UNUSED_FUNCTION = YES;
				GCC_WARN_UNUSED_VARIABLE = YES;
				IPHONEOS_DEPLOYMENT_TARGET = 10.2;
				MTL_ENABLE_DEBUG_INFO = NO;
				SDKROOT = iphoneos;
				VALIDATE_PRODUCT = YES;
			};
			name = Release;
		};
		5C290BAF1EE11D3F00709A6A /* Debug */ = {
			isa = XCBuildConfiguration;
			buildSettings = {
				ASSETCATALOG_COMPILER_APPICON_NAME = AppIcon;
				DEVELOPMENT_TEAM = 7C42L52533;
				INFOPLIST_FILE = VsFaceDemo/Info.plist;
				LD_RUNPATH_SEARCH_PATHS = "$(inherited) @executable_path/Frameworks";
				PRODUCT_BUNDLE_IDENTIFIER = Visionin.VsFaceDemo;
				PRODUCT_NAME = "$(TARGET_NAME)";
			};
			name = Debug;
		};
		5C290BB01EE11D3F00709A6A /* Release */ = {
			isa = XCBuildConfiguration;
			buildSettings = {
				ASSETCATALOG_COMPILER_APPICON_NAME = AppIcon;
				DEVELOPMENT_TEAM = 7C42L52533;
				INFOPLIST_FILE = VsFaceDemo/Info.plist;
				LD_RUNPATH_SEARCH_PATHS = "$(inherited) @executable_path/Frameworks";
				PRODUCT_BUNDLE_IDENTIFIER = Visionin.VsFaceDemo;
				PRODUCT_NAME = "$(TARGET_NAME)";
			};
			name = Release;
		};
		5CA6B6D91EE6A14900398760 /* Debug */ = {
			isa = XCBuildConfiguration;
			buildSettings = {
				ASSETCATALOG_COMPILER_APPICON_NAME = AppIcon;
				DEVELOPMENT_TEAM = 7C42L52533;
				INFOPLIST_FILE = VsCameraDemo/Info.plist;
				LD_RUNPATH_SEARCH_PATHS = "$(inherited) @executable_path/Frameworks";
				PRODUCT_BUNDLE_IDENTIFIER = Visionin.VsCameraDemo;
				PRODUCT_NAME = "$(TARGET_NAME)";
			};
			name = Debug;
		};
		5CA6B6DA1EE6A14900398760 /* Release */ = {
			isa = XCBuildConfiguration;
			buildSettings = {
				ASSETCATALOG_COMPILER_APPICON_NAME = AppIcon;
				DEVELOPMENT_TEAM = 7C42L52533;
				INFOPLIST_FILE = VsCameraDemo/Info.plist;
				LD_RUNPATH_SEARCH_PATHS = "$(inherited) @executable_path/Frameworks";
				PRODUCT_BUNDLE_IDENTIFIER = Visionin.VsCameraDemo;
				PRODUCT_NAME = "$(TARGET_NAME)";
			};
			name = Release;
		};
/* End XCBuildConfiguration section */

/* Begin XCConfigurationList section */
		5C290B921EE11D3F00709A6A /* Build configuration list for PBXProject "VsFaceDemo" */ = {
			isa = XCConfigurationList;
			buildConfigurations = (
				5C290BAC1EE11D3F00709A6A /* Debug */,
				5C290BAD1EE11D3F00709A6A /* Release */,
			);
			defaultConfigurationIsVisible = 0;
			defaultConfigurationName = Release;
		};
		5C290BAE1EE11D3F00709A6A /* Build configuration list for PBXNativeTarget "VsFaceDemo" */ = {
			isa = XCConfigurationList;
			buildConfigurations = (
				5C290BAF1EE11D3F00709A6A /* Debug */,
				5C290BB01EE11D3F00709A6A /* Release */,
			);
			defaultConfigurationIsVisible = 0;
			defaultConfigurationName = Release;
		};
		5CA6B6DB1EE6A14900398760 /* Build configuration list for PBXNativeTarget "VsCameraDemo" */ = {
			isa = XCConfigurationList;
			buildConfigurations = (
				5CA6B6D91EE6A14900398760 /* Debug */,
				5CA6B6DA1EE6A14900398760 /* Release */,
			);
			defaultConfigurationIsVisible = 0;
		};
/* End XCConfigurationList section */
	};
	rootObject = 5C290B8F1EE11D3F00709A6A /* Project object */;
}
